// !$*UTF8*$!
{
	archiveVersion = 1;
	classes = {
	};
	objectVersion = 50;
	objects = {

/* Begin PBXBuildFile section */
		A2C52D8E2486878200AC0EF9 /* AppDelegate.swift in Sources */ = {isa = PBXBuildFile; fileRef = A2C52D8D2486878200AC0EF9 /* AppDelegate.swift */; };
		A2C52D902486878200AC0EF9 /* SceneDelegate.swift in Sources */ = {isa = PBXBuildFile; fileRef = A2C52D8F2486878200AC0EF9 /* SceneDelegate.swift */; };
		A2C52D922486878200AC0EF9 /* ViewController.swift in Sources */ = {isa = PBXBuildFile; fileRef = A2C52D912486878200AC0EF9 /* ViewController.swift */; };
		A2C52D952486878200AC0EF9 /* Main.storyboard in Resources */ = {isa = PBXBuildFile; fileRef = A2C52D932486878200AC0EF9 /* Main.storyboard */; };
		A2C52D972486878A00AC0EF9 /* Assets.xcassets in Resources */ = {isa = PBXBuildFile; fileRef = A2C52D962486878A00AC0EF9 /* Assets.xcassets */; };
		A2C52D9A2486878A00AC0EF9 /* LaunchScreen.storyboard in Resources */ = {isa = PBXBuildFile; fileRef = A2C52D982486878A00AC0EF9 /* LaunchScreen.storyboard */; };
/* End PBXBuildFile section */

/* Begin PBXFileReference section */
		A2C52D8A2486878200AC0EF9 /* NPWeather.app */ = {isa = PBXFileReference; explicitFileType = wrapper.application; includeInIndex = 0; path = NPWeather.app; sourceTree = BUILT_PRODUCTS_DIR; };
		A2C52D8D2486878200AC0EF9 /* AppDelegate.swift */ = {isa = PBXFileReference; lastKnownFileType = sourcecode.swift; path = AppDelegate.swift; sourceTree = "<group>"; };
		A2C52D8F2486878200AC0EF9 /* SceneDelegate.swift */ = {isa = PBXFileReference; lastKnownFileType = sourcecode.swift; path = SceneDelegate.swift; sourceTree = "<group>"; };
		A2C52D912486878200AC0EF9 /* ViewController.swift */ = {isa = PBXFileReference; lastKnownFileType = sourcecode.swift; path = ViewController.swift; sourceTree = "<group>"; };
		A2C52D942486878200AC0EF9 /* Base */ = {isa = PBXFileReference; lastKnownFileType = file.storyboard; name = Base; path = Base.lproj/Main.storyboard; sourceTree = "<group>"; };
		A2C52D962486878A00AC0EF9 /* Assets.xcassets */ = {isa = PBXFileReference; lastKnownFileType = folder.assetcatalog; path = Assets.xcassets; sourceTree = "<group>"; };
		A2C52D992486878A00AC0EF9 /* Base */ = {isa = PBXFileReference; lastKnownFileType = file.storyboard; name = Base; path = Base.lproj/LaunchScreen.storyboard; sourceTree = "<group>"; };
		A2C52D9B2486878A00AC0EF9 /* Info.plist */ = {isa = PBXFileReference; lastKnownFileType = text.plist.xml; path = Info.plist; sourceTree = "<group>"; };
/* End PBXFileReference section */

/* Begin PBXFrameworksBuildPhase section */
		A2C52D872486878200AC0EF9 /* Frameworks */ = {
			isa = PBXFrameworksBuildPhase;
			buildActionMask = 2147483647;
			files = (
			);
			runOnlyForDeploymentPostprocessing = 0;
		};
/* End PBXFrameworksBuildPhase section */

/* Begin PBXGroup section */
		A2C52D812486878200AC0EF9 = {
			isa = PBXGroup;
			children = (
				A2C52D8C2486878200AC0EF9 /* NPWeather */,
				A2C52D8B2486878200AC0EF9 /* Products */,
			);
			sourceTree = "<group>";
		};
		A2C52D8B2486878200AC0EF9 /* Products */ = {
			isa = PBXGroup;
			children = (
				A2C52D8A2486878200AC0EF9 /* NPWeather.app */,
			);
			name = Products;
			sourceTree = "<group>";
		};
		A2C52D8C2486878200AC0EF9 /* NPWeather */ = {
			isa = PBXGroup;
			children = (
				A2C52DA6248689D000AC0EF9 /* Model */,
				A2C52DA5248689C700AC0EF9 /* View */,
				A2C52DA4248689AE00AC0EF9 /* ViewModel */,
				A2C52DA3248689AB00AC0EF9 /* Manager */,
				A2C52DA2248689A700AC0EF9 /* Screens */,
				A2C52DA12486899F00AC0EF9 /* Support */,
				A2C52D962486878A00AC0EF9 /* Assets.xcassets */,
				A2C52D9B2486878A00AC0EF9 /* Info.plist */,
			);
			path = NPWeather;
			sourceTree = "<group>";
		};
		A2C52DA12486899F00AC0EF9 /* Support */ = {
			isa = PBXGroup;
			children = (
				A2C52D932486878200AC0EF9 /* Main.storyboard */,
				A2C52D982486878A00AC0EF9 /* LaunchScreen.storyboard */,
				A2C52D8D2486878200AC0EF9 /* AppDelegate.swift */,
				A2C52D8F2486878200AC0EF9 /* SceneDelegate.swift */,
			);
			path = Support;
			sourceTree = "<group>";
		};
		A2C52DA2248689A700AC0EF9 /* Screens */ = {
			isa = PBXGroup;
			children = (
				A2C52D912486878200AC0EF9 /* ViewController.swift */,
			);
			path = Screens;
			sourceTree = "<group>";
		};
		A2C52DA3248689AB00AC0EF9 /* Manager */ = {
			isa = PBXGroup;
			children = (
			);
			path = Manager;
			sourceTree = "<group>";
		};
		A2C52DA4248689AE00AC0EF9 /* ViewModel */ = {
			isa = PBXGroup;
			children = (
			);
			path = ViewModel;
			sourceTree = "<group>";
		};
		A2C52DA5248689C700AC0EF9 /* View */ = {
			isa = PBXGroup;
			children = (
			);
			path = View;
			sourceTree = "<group>";
		};
		A2C52DA6248689D000AC0EF9 /* Model */ = {
			isa = PBXGroup;
			children = (
			);
			path = Model;
			sourceTree = "<group>";
		};
/* End PBXGroup section */

/* Begin PBXNativeTarget section */
		A2C52D892486878200AC0EF9 /* NPWeather */ = {
			isa = PBXNativeTarget;
			buildConfigurationList = A2C52D9E2486878A00AC0EF9 /* Build configuration list for PBXNativeTarget "NPWeather" */;
			buildPhases = (
				A2C52D862486878200AC0EF9 /* Sources */,
				A2C52D872486878200AC0EF9 /* Frameworks */,
				A2C52D882486878200AC0EF9 /* Resources */,
			);
			buildRules = (
			);
			dependencies = (
			);
			name = NPWeather;
			productName = NPWeather;
			productReference = A2C52D8A2486878200AC0EF9 /* NPWeather.app */;
			productType = "com.apple.product-type.application";
		};
/* End PBXNativeTarget section */

/* Begin PBXProject section */
		A2C52D822486878200AC0EF9 /* Project object */ = {
			isa = PBXProject;
			attributes = {
				LastSwiftUpdateCheck = 1150;
				LastUpgradeCheck = 1150;
				ORGANIZATIONNAME = arvinq;
				TargetAttributes = {
					A2C52D892486878200AC0EF9 = {
						CreatedOnToolsVersion = 11.5;
					};
				};
			};
			buildConfigurationList = A2C52D852486878200AC0EF9 /* Build configuration list for PBXProject "NPWeather" */;
			compatibilityVersion = "Xcode 9.3";
			developmentRegion = en;
			hasScannedForEncodings = 0;
			knownRegions = (
				en,
				Base,
			);
			mainGroup = A2C52D812486878200AC0EF9;
			productRefGroup = A2C52D8B2486878200AC0EF9 /* Products */;
			projectDirPath = "";
			projectRoot = "";
			targets = (
				A2C52D892486878200AC0EF9 /* NPWeather */,
			);
		};
/* End PBXProject section */

/* Begin PBXResourcesBuildPhase section */
		A2C52D882486878200AC0EF9 /* Resources */ = {
			isa = PBXResourcesBuildPhase;
			buildActionMask = 2147483647;
			files = (
				A2C52D9A2486878A00AC0EF9 /* LaunchScreen.storyboard in Resources */,
				A2C52D972486878A00AC0EF9 /* Assets.xcassets in Resources */,
				A2C52D952486878200AC0EF9 /* Main.storyboard in Resources */,
			);
			runOnlyForDeploymentPostprocessing = 0;
		};
/* End PBXResourcesBuildPhase section */

/* Begin PBXSourcesBuildPhase section */
		A2C52D862486878200AC0EF9 /* Sources */ = {
			isa = PBXSourcesBuildPhase;
			buildActionMask = 2147483647;
			files = (
				A2C52D922486878200AC0EF9 /* ViewController.swift in Sources */,
				A2C52D8E2486878200AC0EF9 /* AppDelegate.swift in Sources */,
				A2C52D902486878200AC0EF9 /* SceneDelegate.swift in Sources */,
			);
			runOnlyForDeploymentPostprocessing = 0;
		};
/* End PBXSourcesBuildPhase section */

/* Begin PBXVariantGroup section */
		A2C52D932486878200AC0EF9 /* Main.storyboard */ = {
			isa = PBXVariantGroup;
			children = (
				A2C52D942486878200AC0EF9 /* Base */,
			);
			name = Main.storyboard;
			sourceTree = "<group>";
		};
		A2C52D982486878A00AC0EF9 /* LaunchScreen.storyboard */ = {
			isa = PBXVariantGroup;
			children = (
				A2C52D992486878A00AC0EF9 /* Base */,
			);
			name = LaunchScreen.storyboard;
			sourceTree = "<group>";
		};
/* End PBXVariantGroup section */

/* Begin XCBuildConfiguration section */
		A2C52D9C2486878A00AC0EF9 /* Debug */ = {
			isa = XCBuildConfiguration;
			buildSettings = {
				ALWAYS_SEARCH_USER_PATHS = NO;
				CLANG_ANALYZER_NONNULL = YES;
				CLANG_ANALYZER_NUMBER_OBJECT_CONVERSION = YES_AGGRESSIVE;
				CLANG_CXX_LANGUAGE_STANDARD = "gnu++14";
				CLANG_CXX_LIBRARY = "libc++";
				CLANG_ENABLE_MODULES = YES;
				CLANG_ENABLE_OBJC_ARC = YES;
				CLANG_ENABLE_OBJC_WEAK = YES;
				CLANG_WARN_BLOCK_CAPTURE_AUTORELEASING = YES;
				CLANG_WARN_BOOL_CONVERSION = YES;
				CLANG_WARN_COMMA = YES;
				CLANG_WARN_CONSTANT_CONVERSION = YES;
				CLANG_WARN_DEPRECATED_OBJC_IMPLEMENTATIONS = YES;
				CLANG_WARN_DIRECT_OBJC_ISA_USAGE = YES_ERROR;
				CLANG_WARN_DOCUMENTATION_COMMENTS = YES;
				CLANG_WARN_EMPTY_BODY = YES;
				CLANG_WARN_ENUM_CONVERSION = YES;
				CLANG_WARN_INFINITE_RECURSION = YES;
				CLANG_WARN_INT_CONVERSION = YES;
				CLANG_WARN_NON_LITERAL_NULL_CONVERSION = YES;
				CLANG_WARN_OBJC_IMPLICIT_RETAIN_SELF = YES;
				CLANG_WARN_OBJC_LITERAL_CONVERSION = YES;
				CLANG_WARN_OBJC_ROOT_CLASS = YES_ERROR;
				CLANG_WARN_RANGE_LOOP_ANALYSIS = YES;
				CLANG_WARN_STRICT_PROTOTYPES = YES;
				CLANG_WARN_SUSPICIOUS_MOVE = YES;
				CLANG_WARN_UNGUARDED_AVAILABILITY = YES_AGGRESSIVE;
				CLANG_WARN_UNREACHABLE_CODE = YES;
				CLANG_WARN__DUPLICATE_METHOD_MATCH = YES;
				COPY_PHASE_STRIP = NO;
				DEBUG_INFORMATION_FORMAT = dwarf;
				ENABLE_STRICT_OBJC_MSGSEND = YES;
				ENABLE_TESTABILITY = YES;
				GCC_C_LANGUAGE_STANDARD = gnu11;
				GCC_DYNAMIC_NO_PIC = NO;
				GCC_NO_COMMON_BLOCKS = YES;
				GCC_OPTIMIZATION_LEVEL = 0;
				GCC_PREPROCESSOR_DEFINITIONS = (
					"DEBUG=1",
					"$(inherited)",
				);
				GCC_WARN_64_TO_32_BIT_CONVERSION = YES;
				GCC_WARN_ABOUT_RETURN_TYPE = YES_ERROR;
				GCC_WARN_UNDECLARED_SELECTOR = YES;
				GCC_WARN_UNINITIALIZED_AUTOS = YES_AGGRESSIVE;
				GCC_WARN_UNUSED_FUNCTION = YES;
				GCC_WARN_UNUSED_VARIABLE = YES;
				IPHONEOS_DEPLOYMENT_TARGET = 13.0;
				MTL_ENABLE_DEBUG_INFO = INCLUDE_SOURCE;
				MTL_FAST_MATH = YES;
				ONLY_ACTIVE_ARCH = YES;
				SDKROOT = iphoneos;
				SWIFT_ACTIVE_COMPILATION_CONDITIONS = DEBUG;
				SWIFT_OPTIMIZATION_LEVEL = "-Onone";
			};
			name = Debug;
		};
		A2C52D9D2486878A00AC0EF9 /* Release */ = {
			isa = XCBuildConfiguration;
			buildSettings = {
				ALWAYS_SEARCH_USER_PATHS = NO;
				CLANG_ANALYZER_NONNULL = YES;
				CLANG_ANALYZER_NUMBER_OBJECT_CONVERSION = YES_AGGRESSIVE;
				CLANG_CXX_LANGUAGE_STANDARD = "gnu++14";
				CLANG_CXX_LIBRARY = "libc++";
				CLANG_ENABLE_MODULES = YES;
				CLANG_ENABLE_OBJC_ARC = YES;
				CLANG_ENABLE_OBJC_WEAK = YES;
				CLANG_WARN_BLOCK_CAPTURE_AUTORELEASING = YES;
				CLANG_WARN_BOOL_CONVERSION = YES;
				CLANG_WARN_COMMA = YES;
				CLANG_WARN_CONSTANT_CONVERSION = YES;
				CLANG_WARN_DEPRECATED_OBJC_IMPLEMENTATIONS = YES;
				CLANG_WARN_DIRECT_OBJC_ISA_USAGE = YES_ERROR;
				CLANG_WARN_DOCUMENTATION_COMMENTS = YES;
				CLANG_WARN_EMPTY_BODY = YES;
				CLANG_WARN_ENUM_CONVERSION = YES;
				CLANG_WARN_INFINITE_RECURSION = YES;
				CLANG_WARN_INT_CONVERSION = YES;
				CLANG_WARN_NON_LITERAL_NULL_CONVERSION = YES;
				CLANG_WARN_OBJC_IMPLICIT_RETAIN_SELF = YES;
				CLANG_WARN_OBJC_LITERAL_CONVERSION = YES;
				CLANG_WARN_OBJC_ROOT_CLASS = YES_ERROR;
				CLANG_WARN_RANGE_LOOP_ANALYSIS = YES;
				CLANG_WARN_STRICT_PROTOTYPES = YES;
				CLANG_WARN_SUSPICIOUS_MOVE = YES;
				CLANG_WARN_UNGUARDED_AVAILABILITY = YES_AGGRESSIVE;
				CLANG_WARN_UNREACHABLE_CODE = YES;
				CLANG_WARN__DUPLICATE_METHOD_MATCH = YES;
				COPY_PHASE_STRIP = NO;
				DEBUG_INFORMATION_FORMAT = "dwarf-with-dsym";
				ENABLE_NS_ASSERTIONS = NO;
				ENABLE_STRICT_OBJC_MSGSEND = YES;
				GCC_C_LANGUAGE_STANDARD = gnu11;
				GCC_NO_COMMON_BLOCKS = YES;
				GCC_WARN_64_TO_32_BIT_CONVERSION = YES;
				GCC_WARN_ABOUT_RETURN_TYPE = YES_ERROR;
				GCC_WARN_UNDECLARED_SELECTOR = YES;
				GCC_WARN_UNINITIALIZED_AUTOS = YES_AGGRESSIVE;
				GCC_WARN_UNUSED_FUNCTION = YES;
				GCC_WARN_UNUSED_VARIABLE = YES;
				IPHONEOS_DEPLOYMENT_TARGET = 13.0;
				MTL_ENABLE_DEBUG_INFO = NO;
				MTL_FAST_MATH = YES;
				SDKROOT = iphoneos;
				SWIFT_COMPILATION_MODE = wholemodule;
				SWIFT_OPTIMIZATION_LEVEL = "-O";
				VALIDATE_PRODUCT = YES;
			};
			name = Release;
		};
		A2C52D9F2486878A00AC0EF9 /* Debug */ = {
			isa = XCBuildConfiguration;
			buildSettings = {
				ASSETCATALOG_COMPILER_APPICON_NAME = AppIcon;
				CODE_SIGN_STYLE = Automatic;
				DEVELOPMENT_TEAM = 9MQ22N8A9M;
				INFOPLIST_FILE = NPWeather/Info.plist;
				IPHONEOS_DEPLOYMENT_TARGET = 13.0;
				LD_RUNPATH_SEARCH_PATHS = (
					"$(inherited)",
					"@executable_path/Frameworks",
				);
				PRODUCT_BUNDLE_IDENTIFIER = com.arvinq.NPWeather;
				PRODUCT_NAME = "$(TARGET_NAME)";
				SWIFT_VERSION = 5.0;
				TARGETED_DEVICE_FAMILY = "1,2";
			};
			name = Debug;
		};
		A2C52DA02486878A00AC0EF9 /* Release */ = {
			isa = XCBuildConfiguration;
			buildSettings = {
				ASSETCATALOG_COMPILER_APPICON_NAME = AppIcon;
				CODE_SIGN_STYLE = Automatic;
				DEVELOPMENT_TEAM = 9MQ22N8A9M;
				INFOPLIST_FILE = NPWeather/Info.plist;
				IPHONEOS_DEPLOYMENT_TARGET = 13.0;
				LD_RUNPATH_SEARCH_PATHS = (
					"$(inherited)",
					"@executable_path/Frameworks",
				);
				PRODUCT_BUNDLE_IDENTIFIER = com.arvinq.NPWeather;
				PRODUCT_NAME = "$(TARGET_NAME)";
				SWIFT_VERSION = 5.0;
				TARGETED_DEVICE_FAMILY = "1,2";
			};
			name = Release;
		};
/* End XCBuildConfiguration section */

/* Begin XCConfigurationList section */
		A2C52D852486878200AC0EF9 /* Build configuration list for PBXProject "NPWeather" */ = {
			isa = XCConfigurationList;
			buildConfigurations = (
				A2C52D9C2486878A00AC0EF9 /* Debug */,
				A2C52D9D2486878A00AC0EF9 /* Release */,
			);
			defaultConfigurationIsVisible = 0;
			defaultConfigurationName = Release;
		};
		A2C52D9E2486878A00AC0EF9 /* Build configuration list for PBXNativeTarget "NPWeather" */ = {
			isa = XCConfigurationList;
			buildConfigurations = (
				A2C52D9F2486878A00AC0EF9 /* Debug */,
				A2C52DA02486878A00AC0EF9 /* Release */,
			);
			defaultConfigurationIsVisible = 0;
			defaultConfigurationName = Release;
		};
/* End XCConfigurationList section */
	};
	rootObject = A2C52D822486878200AC0EF9 /* Project object */;
}
